
Microsoft Visual Studio Solution File, Format Version 12.00
# Visual Studio 15
VisualStudioVersion = 15.0.27130.2010
MinimumVisualStudioVersion = 10.0.40219.1
Project("{FAE04EC0-301F-11D3-BF4B-00C04F79EFBC}") = "ProyectoFinal", "ProyectoFinal\ProyectoFinal.csproj", "{5F37E690-1F48-4E30-BBB8-E3666FB3076E}"
EndProject
Project("{FAE04EC0-301F-11D3-BF4B-00C04F79EFBC}") = "ProyectoFinalTests", "ProyectoFinalTests\ProyectoFinalTests.csproj", "{14DEE1FA-5CA9-415E-B331-C948CD679453}"
EndProject
Global
	GlobalSection(SolutionConfigurationPlatforms) = preSolution
		Debug|Any CPU = Debug|Any CPU
		Release|Any CPU = Release|Any CPU
	EndGlobalSection
	GlobalSection(ProjectConfigurationPlatforms) = postSolution
		{5F37E690-1F48-4E30-BBB8-E3666FB3076E}.Debug|Any CPU.ActiveCfg = Debug|Any CPU
		{5F37E690-1F48-4E30-BBB8-E3666FB3076E}.Debug|Any CPU.Build.0 = Debug|Any CPU
		{5F37E690-1F48-4E30-BBB8-E3666FB3076E}.Release|Any CPU.ActiveCfg = Release|Any CPU
		{5F37E690-1F48-4E30-BBB8-E3666FB3076E}.Release|Any CPU.Build.0 = Release|Any CPU
		{14DEE1FA-5CA9-415E-B331-C948CD679453}.Debug|Any CPU.ActiveCfg = Debug|Any CPU
		{14DEE1FA-5CA9-415E-B331-C948CD679453}.Debug|Any CPU.Build.0 = Debug|Any CPU
		{14DEE1FA-5CA9-415E-B331-C948CD679453}.Release|Any CPU.ActiveCfg = Release|Any CPU
		{14DEE1FA-5CA9-415E-B331-C948CD679453}.Release|Any CPU.Build.0 = Release|Any CPU
	EndGlobalSection
	GlobalSection(SolutionProperties) = preSolution
		HideSolutionNode = FALSE
	EndGlobalSection
	GlobalSection(ExtensibilityGlobals) = postSolution
		SolutionGuid = {16D48169-A5DC-4467-A5C0-70F57C46E724}
	EndGlobalSection
EndGlobal
